// !$*UTF8*$!
{
	archiveVersion = 1;
	classes = {
	};
	objectVersion = 56;
	objects = {

/* Begin PBXBuildFile section */
		EFE39FEE2CF7C59F0021FDB5 /* RechnernetzeApp.swift in Sources */ = {isa = PBXBuildFile; fileRef = EFE39FED2CF7C59F0021FDB5 /* RechnernetzeApp.swift */; };
		EFE39FF02CF7C59F0021FDB5 /* ContentView.swift in Sources */ = {isa = PBXBuildFile; fileRef = EFE39FEF2CF7C59F0021FDB5 /* ContentView.swift */; };
		EFE39FF22CF7C5A10021FDB5 /* Assets.xcassets in Resources */ = {isa = PBXBuildFile; fileRef = EFE39FF12CF7C5A10021FDB5 /* Assets.xcassets */; };
		EFE39FF52CF7C5A10021FDB5 /* Preview Assets.xcassets in Resources */ = {isa = PBXBuildFile; fileRef = EFE39FF42CF7C5A10021FDB5 /* Preview Assets.xcassets */; };
		EFE39FFF2CF7C5A10021FDB5 /* RechnernetzeTests.swift in Sources */ = {isa = PBXBuildFile; fileRef = EFE39FFE2CF7C5A10021FDB5 /* RechnernetzeTests.swift */; };
		EFE3A0092CF7C5A10021FDB5 /* RechnernetzeUITests.swift in Sources */ = {isa = PBXBuildFile; fileRef = EFE3A0082CF7C5A10021FDB5 /* RechnernetzeUITests.swift */; };
		EFE3A00B2CF7C5A10021FDB5 /* RechnernetzeUITestsLaunchTests.swift in Sources */ = {isa = PBXBuildFile; fileRef = EFE3A00A2CF7C5A10021FDB5 /* RechnernetzeUITestsLaunchTests.swift */; };
		EFE3A0182CF7C63F0021FDB5 /* QuestionComponent.swift in Sources */ = {isa = PBXBuildFile; fileRef = EFE3A0172CF7C63F0021FDB5 /* QuestionComponent.swift */; };
		EFE3A01C2CF7C9150021FDB5 /* QuestionStorage.swift in Sources */ = {isa = PBXBuildFile; fileRef = EFE3A01B2CF7C9150021FDB5 /* QuestionStorage.swift */; };
		EFE3A01E2CF7C9440021FDB5 /* QuestionScreen.swift in Sources */ = {isa = PBXBuildFile; fileRef = EFE3A01D2CF7C9440021FDB5 /* QuestionScreen.swift */; };
		EFE3A0202CF86B800021FDB5 /* Colors.swift in Sources */ = {isa = PBXBuildFile; fileRef = EFE3A01F2CF86B800021FDB5 /* Colors.swift */; };
/* End PBXBuildFile section */

/* Begin PBXContainerItemProxy section */
		EFE39FFB2CF7C5A10021FDB5 /* PBXContainerItemProxy */ = {
			isa = PBXContainerItemProxy;
			containerPortal = EFE39FE22CF7C59F0021FDB5 /* Project object */;
			proxyType = 1;
			remoteGlobalIDString = EFE39FE92CF7C59F0021FDB5;
			remoteInfo = Rechnernetze;
		};
		EFE3A0052CF7C5A10021FDB5 /* PBXContainerItemProxy */ = {
			isa = PBXContainerItemProxy;
			containerPortal = EFE39FE22CF7C59F0021FDB5 /* Project object */;
			proxyType = 1;
			remoteGlobalIDString = EFE39FE92CF7C59F0021FDB5;
			remoteInfo = Rechnernetze;
		};
/* End PBXContainerItemProxy section */

/* Begin PBXFileReference section */
		EFE39FEA2CF7C59F0021FDB5 /* Rechnernetze.app */ = {isa = PBXFileReference; explicitFileType = wrapper.application; includeInIndex = 0; path = Rechnernetze.app; sourceTree = BUILT_PRODUCTS_DIR; };
		EFE39FED2CF7C59F0021FDB5 /* RechnernetzeApp.swift */ = {isa = PBXFileReference; lastKnownFileType = sourcecode.swift; path = RechnernetzeApp.swift; sourceTree = "<group>"; };
		EFE39FEF2CF7C59F0021FDB5 /* ContentView.swift */ = {isa = PBXFileReference; lastKnownFileType = sourcecode.swift; path = ContentView.swift; sourceTree = "<group>"; };
		EFE39FF12CF7C5A10021FDB5 /* Assets.xcassets */ = {isa = PBXFileReference; lastKnownFileType = folder.assetcatalog; path = Assets.xcassets; sourceTree = "<group>"; };
		EFE39FF42CF7C5A10021FDB5 /* Preview Assets.xcassets */ = {isa = PBXFileReference; lastKnownFileType = folder.assetcatalog; path = "Preview Assets.xcassets"; sourceTree = "<group>"; };
		EFE39FFA2CF7C5A10021FDB5 /* RechnernetzeTests.xctest */ = {isa = PBXFileReference; explicitFileType = wrapper.cfbundle; includeInIndex = 0; path = RechnernetzeTests.xctest; sourceTree = BUILT_PRODUCTS_DIR; };
		EFE39FFE2CF7C5A10021FDB5 /* RechnernetzeTests.swift */ = {isa = PBXFileReference; lastKnownFileType = sourcecode.swift; path = RechnernetzeTests.swift; sourceTree = "<group>"; };
		EFE3A0042CF7C5A10021FDB5 /* RechnernetzeUITests.xctest */ = {isa = PBXFileReference; explicitFileType = wrapper.cfbundle; includeInIndex = 0; path = RechnernetzeUITests.xctest; sourceTree = BUILT_PRODUCTS_DIR; };
		EFE3A0082CF7C5A10021FDB5 /* RechnernetzeUITests.swift */ = {isa = PBXFileReference; lastKnownFileType = sourcecode.swift; path = RechnernetzeUITests.swift; sourceTree = "<group>"; };
		EFE3A00A2CF7C5A10021FDB5 /* RechnernetzeUITestsLaunchTests.swift */ = {isa = PBXFileReference; lastKnownFileType = sourcecode.swift; path = RechnernetzeUITestsLaunchTests.swift; sourceTree = "<group>"; };
		EFE3A0172CF7C63F0021FDB5 /* QuestionComponent.swift */ = {isa = PBXFileReference; lastKnownFileType = sourcecode.swift; path = QuestionComponent.swift; sourceTree = "<group>"; };
		EFE3A01B2CF7C9150021FDB5 /* QuestionStorage.swift */ = {isa = PBXFileReference; lastKnownFileType = sourcecode.swift; path = QuestionStorage.swift; sourceTree = "<group>"; };
		EFE3A01D2CF7C9440021FDB5 /* QuestionScreen.swift */ = {isa = PBXFileReference; lastKnownFileType = sourcecode.swift; path = QuestionScreen.swift; sourceTree = "<group>"; };
		EFE3A01F2CF86B800021FDB5 /* Colors.swift */ = {isa = PBXFileReference; lastKnownFileType = sourcecode.swift; path = Colors.swift; sourceTree = "<group>"; };
/* End PBXFileReference section */

/* Begin PBXFrameworksBuildPhase section */
		EFE39FE72CF7C59F0021FDB5 /* Frameworks */ = {
			isa = PBXFrameworksBuildPhase;
			buildActionMask = 2147483647;
			files = (
			);
			runOnlyForDeploymentPostprocessing = 0;
		};
		EFE39FF72CF7C5A10021FDB5 /* Frameworks */ = {
			isa = PBXFrameworksBuildPhase;
			buildActionMask = 2147483647;
			files = (
			);
			runOnlyForDeploymentPostprocessing = 0;
		};
		EFE3A0012CF7C5A10021FDB5 /* Frameworks */ = {
			isa = PBXFrameworksBuildPhase;
			buildActionMask = 2147483647;
			files = (
			);
			runOnlyForDeploymentPostprocessing = 0;
		};
/* End PBXFrameworksBuildPhase section */

/* Begin PBXGroup section */
		EFE39FE12CF7C59F0021FDB5 = {
			isa = PBXGroup;
			children = (
				EFE39FEC2CF7C59F0021FDB5 /* Rechnernetze */,
				EFE39FFD2CF7C5A10021FDB5 /* RechnernetzeTests */,
				EFE3A0072CF7C5A10021FDB5 /* RechnernetzeUITests */,
				EFE39FEB2CF7C59F0021FDB5 /* Products */,
			);
			sourceTree = "<group>";
		};
		EFE39FEB2CF7C59F0021FDB5 /* Products */ = {
			isa = PBXGroup;
			children = (
				EFE39FEA2CF7C59F0021FDB5 /* Rechnernetze.app */,
				EFE39FFA2CF7C5A10021FDB5 /* RechnernetzeTests.xctest */,
				EFE3A0042CF7C5A10021FDB5 /* RechnernetzeUITests.xctest */,
			);
			name = Products;
			sourceTree = "<group>";
		};
		EFE39FEC2CF7C59F0021FDB5 /* Rechnernetze */ = {
			isa = PBXGroup;
			children = (
				EFE39FED2CF7C59F0021FDB5 /* RechnernetzeApp.swift */,
				EFE39FEF2CF7C59F0021FDB5 /* ContentView.swift */,
				EFE39FF12CF7C5A10021FDB5 /* Assets.xcassets */,
				EFE39FF32CF7C5A10021FDB5 /* Preview Content */,
				EFE3A0172CF7C63F0021FDB5 /* QuestionComponent.swift */,
				EFE3A01B2CF7C9150021FDB5 /* QuestionStorage.swift */,
				EFE3A01D2CF7C9440021FDB5 /* QuestionScreen.swift */,
				EFE3A01F2CF86B800021FDB5 /* Colors.swift */,
			);
			path = Rechnernetze;
			sourceTree = "<group>";
		};
		EFE39FF32CF7C5A10021FDB5 /* Preview Content */ = {
			isa = PBXGroup;
			children = (
				EFE39FF42CF7C5A10021FDB5 /* Preview Assets.xcassets */,
			);
			path = "Preview Content";
			sourceTree = "<group>";
		};
		EFE39FFD2CF7C5A10021FDB5 /* RechnernetzeTests */ = {
			isa = PBXGroup;
			children = (
				EFE39FFE2CF7C5A10021FDB5 /* RechnernetzeTests.swift */,
			);
			path = RechnernetzeTests;
			sourceTree = "<group>";
		};
		EFE3A0072CF7C5A10021FDB5 /* RechnernetzeUITests */ = {
			isa = PBXGroup;
			children = (
				EFE3A0082CF7C5A10021FDB5 /* RechnernetzeUITests.swift */,
				EFE3A00A2CF7C5A10021FDB5 /* RechnernetzeUITestsLaunchTests.swift */,
			);
			path = RechnernetzeUITests;
			sourceTree = "<group>";
		};
/* End PBXGroup section */

/* Begin PBXNativeTarget section */
		EFE39FE92CF7C59F0021FDB5 /* Rechnernetze */ = {
			isa = PBXNativeTarget;
			buildConfigurationList = EFE3A00E2CF7C5A10021FDB5 /* Build configuration list for PBXNativeTarget "Rechnernetze" */;
			buildPhases = (
				EFE39FE62CF7C59F0021FDB5 /* Sources */,
				EFE39FE72CF7C59F0021FDB5 /* Frameworks */,
				EFE39FE82CF7C59F0021FDB5 /* Resources */,
			);
			buildRules = (
			);
			dependencies = (
			);
			name = Rechnernetze;
			productName = Rechnernetze;
			productReference = EFE39FEA2CF7C59F0021FDB5 /* Rechnernetze.app */;
			productType = "com.apple.product-type.application";
		};
		EFE39FF92CF7C5A10021FDB5 /* RechnernetzeTests */ = {
			isa = PBXNativeTarget;
			buildConfigurationList = EFE3A0112CF7C5A10021FDB5 /* Build configuration list for PBXNativeTarget "RechnernetzeTests" */;
			buildPhases = (
				EFE39FF62CF7C5A10021FDB5 /* Sources */,
				EFE39FF72CF7C5A10021FDB5 /* Frameworks */,
				EFE39FF82CF7C5A10021FDB5 /* Resources */,
			);
			buildRules = (
			);
			dependencies = (
				EFE39FFC2CF7C5A10021FDB5 /* PBXTargetDependency */,
			);
			name = RechnernetzeTests;
			productName = RechnernetzeTests;
			productReference = EFE39FFA2CF7C5A10021FDB5 /* RechnernetzeTests.xctest */;
			productType = "com.apple.product-type.bundle.unit-test";
		};
		EFE3A0032CF7C5A10021FDB5 /* RechnernetzeUITests */ = {
			isa = PBXNativeTarget;
			buildConfigurationList = EFE3A0142CF7C5A10021FDB5 /* Build configuration list for PBXNativeTarget "RechnernetzeUITests" */;
			buildPhases = (
				EFE3A0002CF7C5A10021FDB5 /* Sources */,
				EFE3A0012CF7C5A10021FDB5 /* Frameworks */,
				EFE3A0022CF7C5A10021FDB5 /* Resources */,
			);
			buildRules = (
			);
			dependencies = (
				EFE3A0062CF7C5A10021FDB5 /* PBXTargetDependency */,
			);
			name = RechnernetzeUITests;
			productName = RechnernetzeUITests;
			productReference = EFE3A0042CF7C5A10021FDB5 /* RechnernetzeUITests.xctest */;
			productType = "com.apple.product-type.bundle.ui-testing";
		};
/* End PBXNativeTarget section */

/* Begin PBXProject section */
		EFE39FE22CF7C59F0021FDB5 /* Project object */ = {
			isa = PBXProject;
			attributes = {
				BuildIndependentTargetsInParallel = 1;
				LastSwiftUpdateCheck = 1530;
				LastUpgradeCheck = 1530;
				TargetAttributes = {
					EFE39FE92CF7C59F0021FDB5 = {
						CreatedOnToolsVersion = 15.3;
					};
					EFE39FF92CF7C5A10021FDB5 = {
						CreatedOnToolsVersion = 15.3;
						TestTargetID = EFE39FE92CF7C59F0021FDB5;
					};
					EFE3A0032CF7C5A10021FDB5 = {
						CreatedOnToolsVersion = 15.3;
						TestTargetID = EFE39FE92CF7C59F0021FDB5;
					};
				};
			};
			buildConfigurationList = EFE39FE52CF7C59F0021FDB5 /* Build configuration list for PBXProject "Rechnernetze" */;
			compatibilityVersion = "Xcode 14.0";
			developmentRegion = en;
			hasScannedForEncodings = 0;
			knownRegions = (
				en,
				Base,
			);
			mainGroup = EFE39FE12CF7C59F0021FDB5;
			productRefGroup = EFE39FEB2CF7C59F0021FDB5 /* Products */;
			projectDirPath = "";
			projectRoot = "";
			targets = (
				EFE39FE92CF7C59F0021FDB5 /* Rechnernetze */,
				EFE39FF92CF7C5A10021FDB5 /* RechnernetzeTests */,
				EFE3A0032CF7C5A10021FDB5 /* RechnernetzeUITests */,
			);
		};
/* End PBXProject section */

/* Begin PBXResourcesBuildPhase section */
		EFE39FE82CF7C59F0021FDB5 /* Resources */ = {
			isa = PBXResourcesBuildPhase;
			buildActionMask = 2147483647;
			files = (
				EFE39FF52CF7C5A10021FDB5 /* Preview Assets.xcassets in Resources */,
				EFE39FF22CF7C5A10021FDB5 /* Assets.xcassets in Resources */,
			);
			runOnlyForDeploymentPostprocessing = 0;
		};
		EFE39FF82CF7C5A10021FDB5 /* Resources */ = {
			isa = PBXResourcesBuildPhase;
			buildActionMask = 2147483647;
			files = (
			);
			runOnlyForDeploymentPostprocessing = 0;
		};
		EFE3A0022CF7C5A10021FDB5 /* Resources */ = {
			isa = PBXResourcesBuildPhase;
			buildActionMask = 2147483647;
			files = (
			);
			runOnlyForDeploymentPostprocessing = 0;
		};
/* End PBXResourcesBuildPhase section */

/* Begin PBXSourcesBuildPhase section */
		EFE39FE62CF7C59F0021FDB5 /* Sources */ = {
			isa = PBXSourcesBuildPhase;
			buildActionMask = 2147483647;
			files = (
				EFE39FF02CF7C59F0021FDB5 /* ContentView.swift in Sources */,
				EFE3A0202CF86B800021FDB5 /* Colors.swift in Sources */,
				EFE3A01E2CF7C9440021FDB5 /* QuestionScreen.swift in Sources */,
				EFE3A01C2CF7C9150021FDB5 /* QuestionStorage.swift in Sources */,
				EFE39FEE2CF7C59F0021FDB5 /* RechnernetzeApp.swift in Sources */,
				EFE3A0182CF7C63F0021FDB5 /* QuestionComponent.swift in Sources */,
			);
			runOnlyForDeploymentPostprocessing = 0;
		};
		EFE39FF62CF7C5A10021FDB5 /* Sources */ = {
			isa = PBXSourcesBuildPhase;
			buildActionMask = 2147483647;
			files = (
				EFE39FFF2CF7C5A10021FDB5 /* RechnernetzeTests.swift in Sources */,
			);
			runOnlyForDeploymentPostprocessing = 0;
		};
		EFE3A0002CF7C5A10021FDB5 /* Sources */ = {
			isa = PBXSourcesBuildPhase;
			buildActionMask = 2147483647;
			files = (
				EFE3A0092CF7C5A10021FDB5 /* RechnernetzeUITests.swift in Sources */,
				EFE3A00B2CF7C5A10021FDB5 /* RechnernetzeUITestsLaunchTests.swift in Sources */,
			);
			runOnlyForDeploymentPostprocessing = 0;
		};
/* End PBXSourcesBuildPhase section */

/* Begin PBXTargetDependency section */
		EFE39FFC2CF7C5A10021FDB5 /* PBXTargetDependency */ = {
			isa = PBXTargetDependency;
			target = EFE39FE92CF7C59F0021FDB5 /* Rechnernetze */;
			targetProxy = EFE39FFB2CF7C5A10021FDB5 /* PBXContainerItemProxy */;
		};
		EFE3A0062CF7C5A10021FDB5 /* PBXTargetDependency */ = {
			isa = PBXTargetDependency;
			target = EFE39FE92CF7C59F0021FDB5 /* Rechnernetze */;
			targetProxy = EFE3A0052CF7C5A10021FDB5 /* PBXContainerItemProxy */;
		};
/* End PBXTargetDependency section */

/* Begin XCBuildConfiguration section */
		EFE3A00C2CF7C5A10021FDB5 /* Debug */ = {
			isa = XCBuildConfiguration;
			buildSettings = {
				ALWAYS_SEARCH_USER_PATHS = NO;
				ASSETCATALOG_COMPILER_GENERATE_SWIFT_ASSET_SYMBOL_EXTENSIONS = YES;
				CLANG_ANALYZER_NONNULL = YES;
				CLANG_ANALYZER_NUMBER_OBJECT_CONVERSION = YES_AGGRESSIVE;
				CLANG_CXX_LANGUAGE_STANDARD = "gnu++20";
				CLANG_ENABLE_MODULES = YES;
				CLANG_ENABLE_OBJC_ARC = YES;
				CLANG_ENABLE_OBJC_WEAK = YES;
				CLANG_WARN_BLOCK_CAPTURE_AUTORELEASING = YES;
				CLANG_WARN_BOOL_CONVERSION = YES;
				CLANG_WARN_COMMA = YES;
				CLANG_WARN_CONSTANT_CONVERSION = YES;
				CLANG_WARN_DEPRECATED_OBJC_IMPLEMENTATIONS = YES;
				CLANG_WARN_DIRECT_OBJC_ISA_USAGE = YES_ERROR;
				CLANG_WARN_DOCUMENTATION_COMMENTS = YES;
				CLANG_WARN_EMPTY_BODY = YES;
				CLANG_WARN_ENUM_CONVERSION = YES;
				CLANG_WARN_INFINITE_RECURSION = YES;
				CLANG_WARN_INT_CONVERSION = YES;
				CLANG_WARN_NON_LITERAL_NULL_CONVERSION = YES;
				CLANG_WARN_OBJC_IMPLICIT_RETAIN_SELF = YES;
				CLANG_WARN_OBJC_LITERAL_CONVERSION = YES;
				CLANG_WARN_OBJC_ROOT_CLASS = YES_ERROR;
				CLANG_WARN_QUOTED_INCLUDE_IN_FRAMEWORK_HEADER = YES;
				CLANG_WARN_RANGE_LOOP_ANALYSIS = YES;
				CLANG_WARN_STRICT_PROTOTYPES = YES;
				CLANG_WARN_SUSPICIOUS_MOVE = YES;
				CLANG_WARN_UNGUARDED_AVAILABILITY = YES_AGGRESSIVE;
				CLANG_WARN_UNREACHABLE_CODE = YES;
				CLANG_WARN__DUPLICATE_METHOD_MATCH = YES;
				COPY_PHASE_STRIP = NO;
				DEBUG_INFORMATION_FORMAT = dwarf;
				ENABLE_STRICT_OBJC_MSGSEND = YES;
				ENABLE_TESTABILITY = YES;
				ENABLE_USER_SCRIPT_SANDBOXING = YES;
				GCC_C_LANGUAGE_STANDARD = gnu17;
				GCC_DYNAMIC_NO_PIC = NO;
				GCC_NO_COMMON_BLOCKS = YES;
				GCC_OPTIMIZATION_LEVEL = 0;
				GCC_PREPROCESSOR_DEFINITIONS = (
					"DEBUG=1",
					"$(inherited)",
				);
				GCC_WARN_64_TO_32_BIT_CONVERSION = YES;
				GCC_WARN_ABOUT_RETURN_TYPE = YES_ERROR;
				GCC_WARN_UNDECLARED_SELECTOR = YES;
				GCC_WARN_UNINITIALIZED_AUTOS = YES_AGGRESSIVE;
				GCC_WARN_UNUSED_FUNCTION = YES;
				GCC_WARN_UNUSED_VARIABLE = YES;
				IPHONEOS_DEPLOYMENT_TARGET = 17.4;
				LOCALIZATION_PREFERS_STRING_CATALOGS = YES;
				MTL_ENABLE_DEBUG_INFO = INCLUDE_SOURCE;
				MTL_FAST_MATH = YES;
				ONLY_ACTIVE_ARCH = YES;
				SDKROOT = iphoneos;
				SWIFT_ACTIVE_COMPILATION_CONDITIONS = "DEBUG $(inherited)";
				SWIFT_OPTIMIZATION_LEVEL = "-Onone";
			};
			name = Debug;
		};
		EFE3A00D2CF7C5A10021FDB5 /* Release */ = {
			isa = XCBuildConfiguration;
			buildSettings = {
				ALWAYS_SEARCH_USER_PATHS = NO;
				ASSETCATALOG_COMPILER_GENERATE_SWIFT_ASSET_SYMBOL_EXTENSIONS = YES;
				CLANG_ANALYZER_NONNULL = YES;
				CLANG_ANALYZER_NUMBER_OBJECT_CONVERSION = YES_AGGRESSIVE;
				CLANG_CXX_LANGUAGE_STANDARD = "gnu++20";
				CLANG_ENABLE_MODULES = YES;
				CLANG_ENABLE_OBJC_ARC = YES;
				CLANG_ENABLE_OBJC_WEAK = YES;
				CLANG_WARN_BLOCK_CAPTURE_AUTORELEASING = YES;
				CLANG_WARN_BOOL_CONVERSION = YES;
				CLANG_WARN_COMMA = YES;
				CLANG_WARN_CONSTANT_CONVERSION = YES;
				CLANG_WARN_DEPRECATED_OBJC_IMPLEMENTATIONS = YES;
				CLANG_WARN_DIRECT_OBJC_ISA_USAGE = YES_ERROR;
				CLANG_WARN_DOCUMENTATION_COMMENTS = YES;
				CLANG_WARN_EMPTY_BODY = YES;
				CLANG_WARN_ENUM_CONVERSION = YES;
				CLANG_WARN_INFINITE_RECURSION = YES;
				CLANG_WARN_INT_CONVERSION = YES;
				CLANG_WARN_NON_LITERAL_NULL_CONVERSION = YES;
				CLANG_WARN_OBJC_IMPLICIT_RETAIN_SELF = YES;
				CLANG_WARN_OBJC_LITERAL_CONVERSION = YES;
				CLANG_WARN_OBJC_ROOT_CLASS = YES_ERROR;
				CLANG_WARN_QUOTED_INCLUDE_IN_FRAMEWORK_HEADER = YES;
				CLANG_WARN_RANGE_LOOP_ANALYSIS = YES;
				CLANG_WARN_STRICT_PROTOTYPES = YES;
				CLANG_WARN_SUSPICIOUS_MOVE = YES;
				CLANG_WARN_UNGUARDED_AVAILABILITY = YES_AGGRESSIVE;
				CLANG_WARN_UNREACHABLE_CODE = YES;
				CLANG_WARN__DUPLICATE_METHOD_MATCH = YES;
				COPY_PHASE_STRIP = NO;
				DEBUG_INFORMATION_FORMAT = "dwarf-with-dsym";
				ENABLE_NS_ASSERTIONS = NO;
				ENABLE_STRICT_OBJC_MSGSEND = YES;
				ENABLE_USER_SCRIPT_SANDBOXING = YES;
				GCC_C_LANGUAGE_STANDARD = gnu17;
				GCC_NO_COMMON_BLOCKS = YES;
				GCC_WARN_64_TO_32_BIT_CONVERSION = YES;
				GCC_WARN_ABOUT_RETURN_TYPE = YES_ERROR;
				GCC_WARN_UNDECLARED_SELECTOR = YES;
				GCC_WARN_UNINITIALIZED_AUTOS = YES_AGGRESSIVE;
				GCC_WARN_UNUSED_FUNCTION = YES;
				GCC_WARN_UNUSED_VARIABLE = YES;
				IPHONEOS_DEPLOYMENT_TARGET = 17.4;
				LOCALIZATION_PREFERS_STRING_CATALOGS = YES;
				MTL_ENABLE_DEBUG_INFO = NO;
				MTL_FAST_MATH = YES;
				SDKROOT = iphoneos;
				SWIFT_COMPILATION_MODE = wholemodule;
				VALIDATE_PRODUCT = YES;
			};
			name = Release;
		};
		EFE3A00F2CF7C5A10021FDB5 /* Debug */ = {
			isa = XCBuildConfiguration;
			buildSettings = {
				ASSETCATALOG_COMPILER_APPICON_NAME = AppIcon;
				ASSETCATALOG_COMPILER_GLOBAL_ACCENT_COLOR_NAME = AccentColor;
				CODE_SIGN_STYLE = Automatic;
				CURRENT_PROJECT_VERSION = 1;
				DEVELOPMENT_ASSET_PATHS = "\"Rechnernetze/Preview Content\"";
				ENABLE_PREVIEWS = YES;
				GENERATE_INFOPLIST_FILE = YES;
				INFOPLIST_KEY_UIApplicationSceneManifest_Generation = YES;
				INFOPLIST_KEY_UIApplicationSupportsIndirectInputEvents = YES;
				INFOPLIST_KEY_UILaunchScreen_Generation = YES;
				INFOPLIST_KEY_UISupportedInterfaceOrientations_iPad = "UIInterfaceOrientationPortrait UIInterfaceOrientationPortraitUpsideDown UIInterfaceOrientationLandscapeLeft UIInterfaceOrientationLandscapeRight";
				INFOPLIST_KEY_UISupportedInterfaceOrientations_iPhone = "UIInterfaceOrientationPortrait UIInterfaceOrientationLandscapeLeft UIInterfaceOrientationLandscapeRight";
				LD_RUNPATH_SEARCH_PATHS = (
					"$(inherited)",
					"@executable_path/Frameworks",
				);
				MARKETING_VERSION = 1.0;
				PRODUCT_BUNDLE_IDENTIFIER = jockel.Rechnernetze;
				PRODUCT_NAME = "$(TARGET_NAME)";
				SWIFT_EMIT_LOC_STRINGS = YES;
				SWIFT_VERSION = 5.0;
				TARGETED_DEVICE_FAMILY = "1,2";
			};
			name = Debug;
		};
		EFE3A0102CF7C5A10021FDB5 /* Release */ = {
			isa = XCBuildConfiguration;
			buildSettings = {
				ASSETCATALOG_COMPILER_APPICON_NAME = AppIcon;
				ASSETCATALOG_COMPILER_GLOBAL_ACCENT_COLOR_NAME = AccentColor;
				CODE_SIGN_STYLE = Automatic;
				CURRENT_PROJECT_VERSION = 1;
				DEVELOPMENT_ASSET_PATHS = "\"Rechnernetze/Preview Content\"";
				ENABLE_PREVIEWS = YES;
				GENERATE_INFOPLIST_FILE = YES;
				INFOPLIST_KEY_UIApplicationSceneManifest_Generation = YES;
				INFOPLIST_KEY_UIApplicationSupportsIndirectInputEvents = YES;
				INFOPLIST_KEY_UILaunchScreen_Generation = YES;
				INFOPLIST_KEY_UISupportedInterfaceOrientations_iPad = "UIInterfaceOrientationPortrait UIInterfaceOrientationPortraitUpsideDown UIInterfaceOrientationLandscapeLeft UIInterfaceOrientationLandscapeRight";
				INFOPLIST_KEY_UISupportedInterfaceOrientations_iPhone = "UIInterfaceOrientationPortrait UIInterfaceOrientationLandscapeLeft UIInterfaceOrientationLandscapeRight";
				LD_RUNPATH_SEARCH_PATHS = (
					"$(inherited)",
					"@executable_path/Frameworks",
				);
				MARKETING_VERSION = 1.0;
				PRODUCT_BUNDLE_IDENTIFIER = jockel.Rechnernetze;
				PRODUCT_NAME = "$(TARGET_NAME)";
				SWIFT_EMIT_LOC_STRINGS = YES;
				SWIFT_VERSION = 5.0;
				TARGETED_DEVICE_FAMILY = "1,2";
			};
			name = Release;
		};
		EFE3A0122CF7C5A10021FDB5 /* Debug */ = {
			isa = XCBuildConfiguration;
			buildSettings = {
				ALWAYS_EMBED_SWIFT_STANDARD_LIBRARIES = YES;
				BUNDLE_LOADER = "$(TEST_HOST)";
				CODE_SIGN_STYLE = Automatic;
				CURRENT_PROJECT_VERSION = 1;
				GENERATE_INFOPLIST_FILE = YES;
				IPHONEOS_DEPLOYMENT_TARGET = 17.4;
				MARKETING_VERSION = 1.0;
				PRODUCT_BUNDLE_IDENTIFIER = jockel.RechnernetzeTests;
				PRODUCT_NAME = "$(TARGET_NAME)";
				SWIFT_EMIT_LOC_STRINGS = NO;
				SWIFT_VERSION = 5.0;
				TARGETED_DEVICE_FAMILY = "1,2";
				TEST_HOST = "$(BUILT_PRODUCTS_DIR)/Rechnernetze.app/$(BUNDLE_EXECUTABLE_FOLDER_PATH)/Rechnernetze";
			};
			name = Debug;
		};
		EFE3A0132CF7C5A10021FDB5 /* Release */ = {
			isa = XCBuildConfiguration;
			buildSettings = {
				ALWAYS_EMBED_SWIFT_STANDARD_LIBRARIES = YES;
				BUNDLE_LOADER = "$(TEST_HOST)";
				CODE_SIGN_STYLE = Automatic;
				CURRENT_PROJECT_VERSION = 1;
				GENERATE_INFOPLIST_FILE = YES;
				IPHONEOS_DEPLOYMENT_TARGET = 17.4;
				MARKETING_VERSION = 1.0;
				PRODUCT_BUNDLE_IDENTIFIER = jockel.RechnernetzeTests;
				PRODUCT_NAME = "$(TARGET_NAME)";
				SWIFT_EMIT_LOC_STRINGS = NO;
				SWIFT_VERSION = 5.0;
				TARGETED_DEVICE_FAMILY = "1,2";
				TEST_HOST = "$(BUILT_PRODUCTS_DIR)/Rechnernetze.app/$(BUNDLE_EXECUTABLE_FOLDER_PATH)/Rechnernetze";
			};
			name = Release;
		};
		EFE3A0152CF7C5A10021FDB5 /* Debug */ = {
			isa = XCBuildConfiguration;
			buildSettings = {
				ALWAYS_EMBED_SWIFT_STANDARD_LIBRARIES = YES;
				CODE_SIGN_STYLE = Automatic;
				CURRENT_PROJECT_VERSION = 1;
				GENERATE_INFOPLIST_FILE = YES;
				MARKETING_VERSION = 1.0;
				PRODUCT_BUNDLE_IDENTIFIER = jockel.RechnernetzeUITests;
				PRODUCT_NAME = "$(TARGET_NAME)";
				SWIFT_EMIT_LOC_STRINGS = NO;
				SWIFT_VERSION = 5.0;
				TARGETED_DEVICE_FAMILY = "1,2";
				TEST_TARGET_NAME = Rechnernetze;
			};
			name = Debug;
		};
		EFE3A0162CF7C5A10021FDB5 /* Release */ = {
			isa = XCBuildConfiguration;
			buildSettings = {
				ALWAYS_EMBED_SWIFT_STANDARD_LIBRARIES = YES;
				CODE_SIGN_STYLE = Automatic;
				CURRENT_PROJECT_VERSION = 1;
				GENERATE_INFOPLIST_FILE = YES;
				MARKETING_VERSION = 1.0;
				PRODUCT_BUNDLE_IDENTIFIER = jockel.RechnernetzeUITests;
				PRODUCT_NAME = "$(TARGET_NAME)";
				SWIFT_EMIT_LOC_STRINGS = NO;
				SWIFT_VERSION = 5.0;
				TARGETED_DEVICE_FAMILY = "1,2";
				TEST_TARGET_NAME = Rechnernetze;
			};
			name = Release;
		};
/* End XCBuildConfiguration section */

/* Begin XCConfigurationList section */
		EFE39FE52CF7C59F0021FDB5 /* Build configuration list for PBXProject "Rechnernetze" */ = {
			isa = XCConfigurationList;
			buildConfigurations = (
				EFE3A00C2CF7C5A10021FDB5 /* Debug */,
				EFE3A00D2CF7C5A10021FDB5 /* Release */,
			);
			defaultConfigurationIsVisible = 0;
			defaultConfigurationName = Release;
		};
		EFE3A00E2CF7C5A10021FDB5 /* Build configuration list for PBXNativeTarget "Rechnernetze" */ = {
			isa = XCConfigurationList;
			buildConfigurations = (
				EFE3A00F2CF7C5A10021FDB5 /* Debug */,
				EFE3A0102CF7C5A10021FDB5 /* Release */,
			);
			defaultConfigurationIsVisible = 0;
			defaultConfigurationName = Release;
		};
		EFE3A0112CF7C5A10021FDB5 /* Build configuration list for PBXNativeTarget "RechnernetzeTests" */ = {
			isa = XCConfigurationList;
			buildConfigurations = (
				EFE3A0122CF7C5A10021FDB5 /* Debug */,
				EFE3A0132CF7C5A10021FDB5 /* Release */,
			);
			defaultConfigurationIsVisible = 0;
			defaultConfigurationName = Release;
		};
		EFE3A0142CF7C5A10021FDB5 /* Build configuration list for PBXNativeTarget "RechnernetzeUITests" */ = {
			isa = XCConfigurationList;
			buildConfigurations = (
				EFE3A0152CF7C5A10021FDB5 /* Debug */,
				EFE3A0162CF7C5A10021FDB5 /* Release */,
			);
			defaultConfigurationIsVisible = 0;
			defaultConfigurationName = Release;
		};
/* End XCConfigurationList section */
	};
	rootObject = EFE39FE22CF7C59F0021FDB5 /* Project object */;
}
